
Microsoft Visual Studio Solution File, Format Version 12.00
# Visual Studio 15
VisualStudioVersion = 15.0.28307.271
MinimumVisualStudioVersion = 10.0.40219.1
Project("{FAE04EC0-301F-11D3-BF4B-00C04F79EFBC}") = "WindowsFormsApp2", "WindowsFormsApp2\WindowsFormsApp2.csproj", "{D4180038-33C3-483E-8B6E-CC57F1AFE323}"
EndProject
Project("{54435603-DBB4-11D2-8724-00A0C9A8B90C}") = "BipartiteGraph_Installer", "BipartiteGraph_Installer\BipartiteGraph_Installer.vdproj", "{DE5A2841-9D87-4773-8051-07E6B3B08545}"
EndProject
Global
	GlobalSection(SolutionConfigurationPlatforms) = preSolution
		Debug|Any CPU = Debug|Any CPU
		Release|Any CPU = Release|Any CPU
	EndGlobalSection
	GlobalSection(ProjectConfigurationPlatforms) = postSolution
		{D4180038-33C3-483E-8B6E-CC57F1AFE323}.Debug|Any CPU.ActiveCfg = Debug|Any CPU
		{D4180038-33C3-483E-8B6E-CC57F1AFE323}.Debug|Any CPU.Build.0 = Debug|Any CPU
		{D4180038-33C3-483E-8B6E-CC57F1AFE323}.Release|Any CPU.ActiveCfg = Release|Any CPU
		{D4180038-33C3-483E-8B6E-CC57F1AFE323}.Release|Any CPU.Build.0 = Release|Any CPU
		{DE5A2841-9D87-4773-8051-07E6B3B08545}.Debug|Any CPU.ActiveCfg = Debug
		{DE5A2841-9D87-4773-8051-07E6B3B08545}.Release|Any CPU.ActiveCfg = Release
	EndGlobalSection
	GlobalSection(SolutionProperties) = preSolution
		HideSolutionNode = FALSE
	EndGlobalSection
	GlobalSection(ExtensibilityGlobals) = postSolution
		SolutionGuid = {46084548-5908-4C25-9882-15C79D89A788}
	EndGlobalSection
EndGlobal
